
Microsoft Visual Studio Solution File, Format Version 12.00
# Visual Studio Version 16
VisualStudioVersion = 16.0.31624.102
MinimumVisualStudioVersion = 10.0.40219.1
Project("{FAE04EC0-301F-11D3-BF4B-00C04F79EFBC}") = "AppInsights", "AppInsights\AppInsights.csproj", "{61083DEA-05B9-4AB6-BB01-70DBCC9FE5CB}"
EndProject
Global
	GlobalSection(SolutionConfigurationPlatforms) = preSolution
		Debug|Any CPU = Debug|Any CPU
		Release|Any CPU = Release|Any CPU
	EndGlobalSection
	GlobalSection(ProjectConfigurationPlatforms) = postSolution
		{61083DEA-05B9-4AB6-BB01-70DBCC9FE5CB}.Debug|Any CPU.ActiveCfg = Debug|Any CPU
		{61083DEA-05B9-4AB6-BB01-70DBCC9FE5CB}.Debug|Any CPU.Build.0 = Debug|Any CPU
		{61083DEA-05B9-4AB6-BB01-70DBCC9FE5CB}.Release|Any CPU.ActiveCfg = Release|Any CPU
		{61083DEA-05B9-4AB6-BB01-70DBCC9FE5CB}.Release|Any CPU.Build.0 = Release|Any CPU
	EndGlobalSection
	GlobalSection(SolutionProperties) = preSolution
		HideSolutionNode = FALSE
	EndGlobalSection
	GlobalSection(ExtensibilityGlobals) = postSolution
		SolutionGuid = {1364297A-1181-4199-8F49-89BB1E9EF2D3}
	EndGlobalSection
EndGlobal
